// !$*UTF8*$!
{
	archiveVersion = 1;
	classes = {
	};
	objectVersion = 46;
	objects = {

/* Begin PBXBuildFile section */
		0220D3E5196A96E300FC5AF3 /* Foundation.framework in Frameworks */ = {isa = PBXBuildFile; fileRef = 0220D3E4196A96E300FC5AF3 /* Foundation.framework */; };
		0220D3F3196A96E300FC5AF3 /* XCTest.framework in Frameworks */ = {isa = PBXBuildFile; fileRef = 0220D3F2196A96E300FC5AF3 /* XCTest.framework */; };
		0220D3F4196A96E300FC5AF3 /* Foundation.framework in Frameworks */ = {isa = PBXBuildFile; fileRef = 0220D3E4196A96E300FC5AF3 /* Foundation.framework */; };
		0220D3F6196A96E300FC5AF3 /* UIKit.framework in Frameworks */ = {isa = PBXBuildFile; fileRef = 0220D3F5196A96E300FC5AF3 /* UIKit.framework */; };
		0220D3F9196A96E300FC5AF3 /* libPaylerSDK.a in Frameworks */ = {isa = PBXBuildFile; fileRef = 0220D3E1196A96E300FC5AF3 /* libPaylerSDK.a */; };
		0220D3FF196A96E300FC5AF3 /* InfoPlist.strings in Resources */ = {isa = PBXBuildFile; fileRef = 0220D3FD196A96E300FC5AF3 /* InfoPlist.strings */; };
		0220D401196A96E300FC5AF3 /* PaylerSDKTests.m in Sources */ = {isa = PBXBuildFile; fileRef = 0220D400196A96E300FC5AF3 /* PaylerSDKTests.m */; };
		0220D40C196AA8D000FC5AF3 /* PLRSessionInfo.m in Sources */ = {isa = PBXBuildFile; fileRef = 0220D40B196AA8D000FC5AF3 /* PLRSessionInfo.m */; };
		0220D410196AAC4D00FC5AF3 /* PLRPayment.m in Sources */ = {isa = PBXBuildFile; fileRef = 0220D40F196AAC4D00FC5AF3 /* PLRPayment.m */; };
		0220D416196AC6BA00FC5AF3 /* PLRWebView.m in Sources */ = {isa = PBXBuildFile; fileRef = 0220D415196AC6BA00FC5AF3 /* PLRWebView.m */; };
		0220D41C196ACABA00FC5AF3 /* Foundation.framework in Frameworks */ = {isa = PBXBuildFile; fileRef = 0220D3E4196A96E300FC5AF3 /* Foundation.framework */; };
		0220D41E196ACABA00FC5AF3 /* CoreGraphics.framework in Frameworks */ = {isa = PBXBuildFile; fileRef = 0220D41D196ACABA00FC5AF3 /* CoreGraphics.framework */; };
		0220D41F196ACABA00FC5AF3 /* UIKit.framework in Frameworks */ = {isa = PBXBuildFile; fileRef = 0220D3F5196A96E300FC5AF3 /* UIKit.framework */; };
		0220D425196ACABA00FC5AF3 /* InfoPlist.strings in Resources */ = {isa = PBXBuildFile; fileRef = 0220D423196ACABA00FC5AF3 /* InfoPlist.strings */; };
		0220D427196ACABA00FC5AF3 /* main.m in Sources */ = {isa = PBXBuildFile; fileRef = 0220D426196ACABA00FC5AF3 /* main.m */; };
		0220D42B196ACABA00FC5AF3 /* PLRAppDelegate.m in Sources */ = {isa = PBXBuildFile; fileRef = 0220D42A196ACABA00FC5AF3 /* PLRAppDelegate.m */; };
		0220D42D196ACABA00FC5AF3 /* Images.xcassets in Resources */ = {isa = PBXBuildFile; fileRef = 0220D42C196ACABA00FC5AF3 /* Images.xcassets */; };
		0220D447196ACB2100FC5AF3 /* Main.storyboard in Resources */ = {isa = PBXBuildFile; fileRef = 0220D446196ACB2100FC5AF3 /* Main.storyboard */; };
		0220D44A196ACC1600FC5AF3 /* PLRViewController.m in Sources */ = {isa = PBXBuildFile; fileRef = 0220D449196ACC1600FC5AF3 /* PLRViewController.m */; };
		0220D44B196ACEEB00FC5AF3 /* libPaylerSDK.a in Frameworks */ = {isa = PBXBuildFile; fileRef = 0220D3E1196A96E300FC5AF3 /* libPaylerSDK.a */; };
		0220D44C196ACFA200FC5AF3 /* PLRSessionInfo.m in Sources */ = {isa = PBXBuildFile; fileRef = 0220D40B196AA8D000FC5AF3 /* PLRSessionInfo.m */; };
		0220D44D196ACFA400FC5AF3 /* PLRPayment.m in Sources */ = {isa = PBXBuildFile; fileRef = 0220D40F196AAC4D00FC5AF3 /* PLRPayment.m */; };
		0220D44E196ACFA700FC5AF3 /* PLRWebView.m in Sources */ = {isa = PBXBuildFile; fileRef = 0220D415196AC6BA00FC5AF3 /* PLRWebView.m */; };
/* End PBXBuildFile section */

/* Begin PBXContainerItemProxy section */
		0220D3F7196A96E300FC5AF3 /* PBXContainerItemProxy */ = {
			isa = PBXContainerItemProxy;
			containerPortal = 0220D3D9196A96E300FC5AF3 /* Project object */;
			proxyType = 1;
			remoteGlobalIDString = 0220D3E0196A96E300FC5AF3;
			remoteInfo = PaylerSDK;
		};
/* End PBXContainerItemProxy section */

/* Begin PBXCopyFilesBuildPhase section */
		0220D3DF196A96E300FC5AF3 /* CopyFiles */ = {
			isa = PBXCopyFilesBuildPhase;
			buildActionMask = 2147483647;
			dstPath = "include/$(PRODUCT_NAME)";
			dstSubfolderSpec = 16;
			files = (
			);
			runOnlyForDeploymentPostprocessing = 0;
		};
/* End PBXCopyFilesBuildPhase section */

/* Begin PBXFileReference section */
		0220D3E1196A96E300FC5AF3 /* libPaylerSDK.a */ = {isa = PBXFileReference; explicitFileType = archive.ar; includeInIndex = 0; path = libPaylerSDK.a; sourceTree = BUILT_PRODUCTS_DIR; };
		0220D3E4196A96E300FC5AF3 /* Foundation.framework */ = {isa = PBXFileReference; lastKnownFileType = wrapper.framework; name = Foundation.framework; path = System/Library/Frameworks/Foundation.framework; sourceTree = SDKROOT; };
		0220D3E8196A96E300FC5AF3 /* PaylerSDK-Prefix.pch */ = {isa = PBXFileReference; lastKnownFileType = sourcecode.c.h; path = "PaylerSDK-Prefix.pch"; sourceTree = "<group>"; };
		0220D3F1196A96E300FC5AF3 /* PaylerSDKTests.xctest */ = {isa = PBXFileReference; explicitFileType = wrapper.cfbundle; includeInIndex = 0; path = PaylerSDKTests.xctest; sourceTree = BUILT_PRODUCTS_DIR; };
		0220D3F2196A96E300FC5AF3 /* XCTest.framework */ = {isa = PBXFileReference; lastKnownFileType = wrapper.framework; name = XCTest.framework; path = Library/Frameworks/XCTest.framework; sourceTree = DEVELOPER_DIR; };
		0220D3F5196A96E300FC5AF3 /* UIKit.framework */ = {isa = PBXFileReference; lastKnownFileType = wrapper.framework; name = UIKit.framework; path = Library/Frameworks/UIKit.framework; sourceTree = DEVELOPER_DIR; };
		0220D3FC196A96E300FC5AF3 /* PaylerSDKTests-Info.plist */ = {isa = PBXFileReference; lastKnownFileType = text.plist.xml; path = "PaylerSDKTests-Info.plist"; sourceTree = "<group>"; };
		0220D3FE196A96E300FC5AF3 /* en */ = {isa = PBXFileReference; lastKnownFileType = text.plist.strings; name = en; path = en.lproj/InfoPlist.strings; sourceTree = "<group>"; };
		0220D400196A96E300FC5AF3 /* PaylerSDKTests.m */ = {isa = PBXFileReference; lastKnownFileType = sourcecode.c.objc; path = PaylerSDKTests.m; sourceTree = "<group>"; };
		0220D40A196AA8D000FC5AF3 /* PLRSessionInfo.h */ = {isa = PBXFileReference; fileEncoding = 4; lastKnownFileType = sourcecode.c.h; path = PLRSessionInfo.h; sourceTree = "<group>"; };
		0220D40B196AA8D000FC5AF3 /* PLRSessionInfo.m */ = {isa = PBXFileReference; fileEncoding = 4; lastKnownFileType = sourcecode.c.objc; path = PLRSessionInfo.m; sourceTree = "<group>"; };
		0220D40E196AAC4D00FC5AF3 /* PLRPayment.h */ = {isa = PBXFileReference; fileEncoding = 4; lastKnownFileType = sourcecode.c.h; path = PLRPayment.h; sourceTree = "<group>"; };
		0220D40F196AAC4D00FC5AF3 /* PLRPayment.m */ = {isa = PBXFileReference; fileEncoding = 4; lastKnownFileType = sourcecode.c.objc; path = PLRPayment.m; sourceTree = "<group>"; };
		0220D414196AC6BA00FC5AF3 /* PLRWebView.h */ = {isa = PBXFileReference; fileEncoding = 4; lastKnownFileType = sourcecode.c.h; path = PLRWebView.h; sourceTree = "<group>"; };
		0220D415196AC6BA00FC5AF3 /* PLRWebView.m */ = {isa = PBXFileReference; fileEncoding = 4; lastKnownFileType = sourcecode.c.objc; path = PLRWebView.m; sourceTree = "<group>"; };
		0220D41B196ACABA00FC5AF3 /* Example.app */ = {isa = PBXFileReference; explicitFileType = wrapper.application; includeInIndex = 0; path = Example.app; sourceTree = BUILT_PRODUCTS_DIR; };
		0220D41D196ACABA00FC5AF3 /* CoreGraphics.framework */ = {isa = PBXFileReference; lastKnownFileType = wrapper.framework; name = CoreGraphics.framework; path = System/Library/Frameworks/CoreGraphics.framework; sourceTree = SDKROOT; };
		0220D422196ACABA00FC5AF3 /* Example-Info.plist */ = {isa = PBXFileReference; lastKnownFileType = text.plist.xml; path = "Example-Info.plist"; sourceTree = "<group>"; };
		0220D424196ACABA00FC5AF3 /* en */ = {isa = PBXFileReference; lastKnownFileType = text.plist.strings; name = en; path = en.lproj/InfoPlist.strings; sourceTree = "<group>"; };
		0220D426196ACABA00FC5AF3 /* main.m */ = {isa = PBXFileReference; lastKnownFileType = sourcecode.c.objc; path = main.m; sourceTree = "<group>"; };
		0220D428196ACABA00FC5AF3 /* Example-Prefix.pch */ = {isa = PBXFileReference; lastKnownFileType = sourcecode.c.h; path = "Example-Prefix.pch"; sourceTree = "<group>"; };
		0220D429196ACABA00FC5AF3 /* PLRAppDelegate.h */ = {isa = PBXFileReference; lastKnownFileType = sourcecode.c.h; path = PLRAppDelegate.h; sourceTree = "<group>"; };
		0220D42A196ACABA00FC5AF3 /* PLRAppDelegate.m */ = {isa = PBXFileReference; lastKnownFileType = sourcecode.c.objc; path = PLRAppDelegate.m; sourceTree = "<group>"; };
		0220D42C196ACABA00FC5AF3 /* Images.xcassets */ = {isa = PBXFileReference; lastKnownFileType = folder.assetcatalog; path = Images.xcassets; sourceTree = "<group>"; };
		0220D446196ACB2100FC5AF3 /* Main.storyboard */ = {isa = PBXFileReference; fileEncoding = 4; lastKnownFileType = file.storyboard; path = Main.storyboard; sourceTree = "<group>"; };
		0220D448196ACC1600FC5AF3 /* PLRViewController.h */ = {isa = PBXFileReference; fileEncoding = 4; lastKnownFileType = sourcecode.c.h; path = PLRViewController.h; sourceTree = "<group>"; };
		0220D449196ACC1600FC5AF3 /* PLRViewController.m */ = {isa = PBXFileReference; fileEncoding = 4; lastKnownFileType = sourcecode.c.objc; path = PLRViewController.m; sourceTree = "<group>"; };
/* End PBXFileReference section */

/* Begin PBXFrameworksBuildPhase section */
		0220D3DE196A96E300FC5AF3 /* Frameworks */ = {
			isa = PBXFrameworksBuildPhase;
			buildActionMask = 2147483647;
			files = (
				0220D3E5196A96E300FC5AF3 /* Foundation.framework in Frameworks */,
			);
			runOnlyForDeploymentPostprocessing = 0;
		};
		0220D3EE196A96E300FC5AF3 /* Frameworks */ = {
			isa = PBXFrameworksBuildPhase;
			buildActionMask = 2147483647;
			files = (
				0220D3F3196A96E300FC5AF3 /* XCTest.framework in Frameworks */,
				0220D3F6196A96E300FC5AF3 /* UIKit.framework in Frameworks */,
				0220D3F4196A96E300FC5AF3 /* Foundation.framework in Frameworks */,
				0220D3F9196A96E300FC5AF3 /* libPaylerSDK.a in Frameworks */,
			);
			runOnlyForDeploymentPostprocessing = 0;
		};
		0220D418196ACABA00FC5AF3 /* Frameworks */ = {
			isa = PBXFrameworksBuildPhase;
			buildActionMask = 2147483647;
			files = (
				0220D44B196ACEEB00FC5AF3 /* libPaylerSDK.a in Frameworks */,
				0220D41E196ACABA00FC5AF3 /* CoreGraphics.framework in Frameworks */,
				0220D41F196ACABA00FC5AF3 /* UIKit.framework in Frameworks */,
				0220D41C196ACABA00FC5AF3 /* Foundation.framework in Frameworks */,
			);
			runOnlyForDeploymentPostprocessing = 0;
		};
/* End PBXFrameworksBuildPhase section */

/* Begin PBXGroup section */
		0220D3D8196A96E300FC5AF3 = {
			isa = PBXGroup;
			children = (
				0220D3E6196A96E300FC5AF3 /* PaylerSDK */,
				0220D3FA196A96E300FC5AF3 /* PaylerSDKTests */,
				0220D420196ACABA00FC5AF3 /* Example */,
				0220D3E3196A96E300FC5AF3 /* Frameworks */,
				0220D3E2196A96E300FC5AF3 /* Products */,
			);
			sourceTree = "<group>";
		};
		0220D3E2196A96E300FC5AF3 /* Products */ = {
			isa = PBXGroup;
			children = (
				0220D3E1196A96E300FC5AF3 /* libPaylerSDK.a */,
				0220D3F1196A96E300FC5AF3 /* PaylerSDKTests.xctest */,
				0220D41B196ACABA00FC5AF3 /* Example.app */,
			);
			name = Products;
			sourceTree = "<group>";
		};
		0220D3E3196A96E300FC5AF3 /* Frameworks */ = {
			isa = PBXGroup;
			children = (
				0220D3E4196A96E300FC5AF3 /* Foundation.framework */,
				0220D3F2196A96E300FC5AF3 /* XCTest.framework */,
				0220D3F5196A96E300FC5AF3 /* UIKit.framework */,
				0220D41D196ACABA00FC5AF3 /* CoreGraphics.framework */,
			);
			name = Frameworks;
			sourceTree = "<group>";
		};
		0220D3E6196A96E300FC5AF3 /* PaylerSDK */ = {
			isa = PBXGroup;
			children = (
				0220D40A196AA8D000FC5AF3 /* PLRSessionInfo.h */,
				0220D40B196AA8D000FC5AF3 /* PLRSessionInfo.m */,
				0220D40E196AAC4D00FC5AF3 /* PLRPayment.h */,
				0220D40F196AAC4D00FC5AF3 /* PLRPayment.m */,
				0220D414196AC6BA00FC5AF3 /* PLRWebView.h */,
				0220D415196AC6BA00FC5AF3 /* PLRWebView.m */,
				0220D3E7196A96E300FC5AF3 /* Supporting Files */,
			);
			path = PaylerSDK;
			sourceTree = "<group>";
		};
		0220D3E7196A96E300FC5AF3 /* Supporting Files */ = {
			isa = PBXGroup;
			children = (
				0220D3E8196A96E300FC5AF3 /* PaylerSDK-Prefix.pch */,
			);
			name = "Supporting Files";
			sourceTree = "<group>";
		};
		0220D3FA196A96E300FC5AF3 /* PaylerSDKTests */ = {
			isa = PBXGroup;
			children = (
				0220D400196A96E300FC5AF3 /* PaylerSDKTests.m */,
				0220D3FB196A96E300FC5AF3 /* Supporting Files */,
			);
			path = PaylerSDKTests;
			sourceTree = "<group>";
		};
		0220D3FB196A96E300FC5AF3 /* Supporting Files */ = {
			isa = PBXGroup;
			children = (
				0220D3FC196A96E300FC5AF3 /* PaylerSDKTests-Info.plist */,
				0220D3FD196A96E300FC5AF3 /* InfoPlist.strings */,
			);
			name = "Supporting Files";
			sourceTree = "<group>";
		};
		0220D420196ACABA00FC5AF3 /* Example */ = {
			isa = PBXGroup;
			children = (
				0220D429196ACABA00FC5AF3 /* PLRAppDelegate.h */,
				0220D42A196ACABA00FC5AF3 /* PLRAppDelegate.m */,
				0220D448196ACC1600FC5AF3 /* PLRViewController.h */,
				0220D449196ACC1600FC5AF3 /* PLRViewController.m */,
				0220D42C196ACABA00FC5AF3 /* Images.xcassets */,
				0220D421196ACABA00FC5AF3 /* Supporting Files */,
			);
			path = Example;
			sourceTree = "<group>";
		};
		0220D421196ACABA00FC5AF3 /* Supporting Files */ = {
			isa = PBXGroup;
			children = (
				0220D446196ACB2100FC5AF3 /* Main.storyboard */,
				0220D422196ACABA00FC5AF3 /* Example-Info.plist */,
				0220D423196ACABA00FC5AF3 /* InfoPlist.strings */,
				0220D426196ACABA00FC5AF3 /* main.m */,
				0220D428196ACABA00FC5AF3 /* Example-Prefix.pch */,
			);
			name = "Supporting Files";
			sourceTree = "<group>";
		};
/* End PBXGroup section */

/* Begin PBXNativeTarget section */
		0220D3E0196A96E300FC5AF3 /* PaylerSDK */ = {
			isa = PBXNativeTarget;
			buildConfigurationList = 0220D404196A96E300FC5AF3 /* Build configuration list for PBXNativeTarget "PaylerSDK" */;
			buildPhases = (
				0220D3DD196A96E300FC5AF3 /* Sources */,
				0220D3DE196A96E300FC5AF3 /* Frameworks */,
				0220D3DF196A96E300FC5AF3 /* CopyFiles */,
			);
			buildRules = (
			);
			dependencies = (
			);
			name = PaylerSDK;
			productName = PaylerSDK;
			productReference = 0220D3E1196A96E300FC5AF3 /* libPaylerSDK.a */;
			productType = "com.apple.product-type.library.static";
		};
		0220D3F0196A96E300FC5AF3 /* PaylerSDKTests */ = {
			isa = PBXNativeTarget;
			buildConfigurationList = 0220D407196A96E300FC5AF3 /* Build configuration list for PBXNativeTarget "PaylerSDKTests" */;
			buildPhases = (
				0220D3ED196A96E300FC5AF3 /* Sources */,
				0220D3EE196A96E300FC5AF3 /* Frameworks */,
				0220D3EF196A96E300FC5AF3 /* Resources */,
			);
			buildRules = (
			);
			dependencies = (
				0220D3F8196A96E300FC5AF3 /* PBXTargetDependency */,
			);
			name = PaylerSDKTests;
			productName = PaylerSDKTests;
			productReference = 0220D3F1196A96E300FC5AF3 /* PaylerSDKTests.xctest */;
			productType = "com.apple.product-type.bundle.unit-test";
		};
		0220D41A196ACABA00FC5AF3 /* Example */ = {
			isa = PBXNativeTarget;
			buildConfigurationList = 0220D440196ACABB00FC5AF3 /* Build configuration list for PBXNativeTarget "Example" */;
			buildPhases = (
				0220D417196ACABA00FC5AF3 /* Sources */,
				0220D418196ACABA00FC5AF3 /* Frameworks */,
				0220D419196ACABA00FC5AF3 /* Resources */,
			);
			buildRules = (
			);
			dependencies = (
			);
			name = Example;
			productName = Example;
			productReference = 0220D41B196ACABA00FC5AF3 /* Example.app */;
			productType = "com.apple.product-type.application";
		};
/* End PBXNativeTarget section */

/* Begin PBXProject section */
		0220D3D9196A96E300FC5AF3 /* Project object */ = {
			isa = PBXProject;
			attributes = {
				CLASSPREFIX = PLR;
				LastUpgradeCheck = 0510;
				ORGANIZATIONNAME = "Polonium Arts";
				TargetAttributes = {
					0220D3F0196A96E300FC5AF3 = {
						TestTargetID = 0220D41A196ACABA00FC5AF3;
					};
					0220D41A196ACABA00FC5AF3 = {
						DevelopmentTeam = 69GYXKL3AK;
					};
				};
			};
			buildConfigurationList = 0220D3DC196A96E300FC5AF3 /* Build configuration list for PBXProject "PaylerSDK" */;
			compatibilityVersion = "Xcode 3.2";
			developmentRegion = English;
			hasScannedForEncodings = 0;
			knownRegions = (
				en,
			);
			mainGroup = 0220D3D8196A96E300FC5AF3;
			productRefGroup = 0220D3E2196A96E300FC5AF3 /* Products */;
			projectDirPath = "";
			projectRoot = "";
			targets = (
				0220D3E0196A96E300FC5AF3 /* PaylerSDK */,
				0220D3F0196A96E300FC5AF3 /* PaylerSDKTests */,
				0220D41A196ACABA00FC5AF3 /* Example */,
			);
		};
/* End PBXProject section */

/* Begin PBXResourcesBuildPhase section */
		0220D3EF196A96E300FC5AF3 /* Resources */ = {
			isa = PBXResourcesBuildPhase;
			buildActionMask = 2147483647;
			files = (
				0220D3FF196A96E300FC5AF3 /* InfoPlist.strings in Resources */,
			);
			runOnlyForDeploymentPostprocessing = 0;
		};
		0220D419196ACABA00FC5AF3 /* Resources */ = {
			isa = PBXResourcesBuildPhase;
			buildActionMask = 2147483647;
			files = (
				0220D447196ACB2100FC5AF3 /* Main.storyboard in Resources */,
				0220D425196ACABA00FC5AF3 /* InfoPlist.strings in Resources */,
				0220D42D196ACABA00FC5AF3 /* Images.xcassets in Resources */,
			);
			runOnlyForDeploymentPostprocessing = 0;
		};
/* End PBXResourcesBuildPhase section */

/* Begin PBXSourcesBuildPhase section */
		0220D3DD196A96E300FC5AF3 /* Sources */ = {
			isa = PBXSourcesBuildPhase;
			buildActionMask = 2147483647;
			files = (
				0220D40C196AA8D000FC5AF3 /* PLRSessionInfo.m in Sources */,
				0220D410196AAC4D00FC5AF3 /* PLRPayment.m in Sources */,
				0220D416196AC6BA00FC5AF3 /* PLRWebView.m in Sources */,
			);
			runOnlyForDeploymentPostprocessing = 0;
		};
		0220D3ED196A96E300FC5AF3 /* Sources */ = {
			isa = PBXSourcesBuildPhase;
			buildActionMask = 2147483647;
			files = (
				0220D401196A96E300FC5AF3 /* PaylerSDKTests.m in Sources */,
			);
			runOnlyForDeploymentPostprocessing = 0;
		};
		0220D417196ACABA00FC5AF3 /* Sources */ = {
			isa = PBXSourcesBuildPhase;
			buildActionMask = 2147483647;
			files = (
				0220D427196ACABA00FC5AF3 /* main.m in Sources */,
				0220D44C196ACFA200FC5AF3 /* PLRSessionInfo.m in Sources */,
				0220D44E196ACFA700FC5AF3 /* PLRWebView.m in Sources */,
				0220D42B196ACABA00FC5AF3 /* PLRAppDelegate.m in Sources */,
				0220D44A196ACC1600FC5AF3 /* PLRViewController.m in Sources */,
				0220D44D196ACFA400FC5AF3 /* PLRPayment.m in Sources */,
			);
			runOnlyForDeploymentPostprocessing = 0;
		};
/* End PBXSourcesBuildPhase section */

/* Begin PBXTargetDependency section */
		0220D3F8196A96E300FC5AF3 /* PBXTargetDependency */ = {
			isa = PBXTargetDependency;
			target = 0220D3E0196A96E300FC5AF3 /* PaylerSDK */;
			targetProxy = 0220D3F7196A96E300FC5AF3 /* PBXContainerItemProxy */;
		};
/* End PBXTargetDependency section */

/* Begin PBXVariantGroup section */
		0220D3FD196A96E300FC5AF3 /* InfoPlist.strings */ = {
			isa = PBXVariantGroup;
			children = (
				0220D3FE196A96E300FC5AF3 /* en */,
			);
			name = InfoPlist.strings;
			sourceTree = "<group>";
		};
		0220D423196ACABA00FC5AF3 /* InfoPlist.strings */ = {
			isa = PBXVariantGroup;
			children = (
				0220D424196ACABA00FC5AF3 /* en */,
			);
			name = InfoPlist.strings;
			sourceTree = "<group>";
		};
/* End PBXVariantGroup section */

/* Begin XCBuildConfiguration section */
		0220D402196A96E300FC5AF3 /* Debug */ = {
			isa = XCBuildConfiguration;
			buildSettings = {
				ALWAYS_SEARCH_USER_PATHS = NO;
				CLANG_CXX_LANGUAGE_STANDARD = "gnu++0x";
				CLANG_CXX_LIBRARY = "libc++";
				CLANG_ENABLE_MODULES = YES;
				CLANG_ENABLE_OBJC_ARC = YES;
				CLANG_WARN_BOOL_CONVERSION = YES;
				CLANG_WARN_CONSTANT_CONVERSION = YES;
				CLANG_WARN_DIRECT_OBJC_ISA_USAGE = YES_ERROR;
				CLANG_WARN_EMPTY_BODY = YES;
				CLANG_WARN_ENUM_CONVERSION = YES;
				CLANG_WARN_INT_CONVERSION = YES;
				CLANG_WARN_OBJC_ROOT_CLASS = YES_ERROR;
				CLANG_WARN__DUPLICATE_METHOD_MATCH = YES;
				COPY_PHASE_STRIP = NO;
				GCC_C_LANGUAGE_STANDARD = gnu99;
				GCC_DYNAMIC_NO_PIC = NO;
				GCC_OPTIMIZATION_LEVEL = 0;
				GCC_PREPROCESSOR_DEFINITIONS = (
					"DEBUG=1",
					"$(inherited)",
				);
				GCC_SYMBOLS_PRIVATE_EXTERN = NO;
				GCC_WARN_64_TO_32_BIT_CONVERSION = YES;
				GCC_WARN_ABOUT_RETURN_TYPE = YES_ERROR;
				GCC_WARN_UNDECLARED_SELECTOR = YES;
				GCC_WARN_UNINITIALIZED_AUTOS = YES_AGGRESSIVE;
				GCC_WARN_UNUSED_FUNCTION = YES;
				GCC_WARN_UNUSED_VARIABLE = YES;
				IPHONEOS_DEPLOYMENT_TARGET = 7.1;
				ONLY_ACTIVE_ARCH = YES;
				SDKROOT = iphoneos;
			};
			name = Debug;
		};
		0220D403196A96E300FC5AF3 /* Release */ = {
			isa = XCBuildConfiguration;
			buildSettings = {
				ALWAYS_SEARCH_USER_PATHS = NO;
				CLANG_CXX_LANGUAGE_STANDARD = "gnu++0x";
				CLANG_CXX_LIBRARY = "libc++";
				CLANG_ENABLE_MODULES = YES;
				CLANG_ENABLE_OBJC_ARC = YES;
				CLANG_WARN_BOOL_CONVERSION = YES;
				CLANG_WARN_CONSTANT_CONVERSION = YES;
				CLANG_WARN_DIRECT_OBJC_ISA_USAGE = YES_ERROR;
				CLANG_WARN_EMPTY_BODY = YES;
				CLANG_WARN_ENUM_CONVERSION = YES;
				CLANG_WARN_INT_CONVERSION = YES;
				CLANG_WARN_OBJC_ROOT_CLASS = YES_ERROR;
				CLANG_WARN__DUPLICATE_METHOD_MATCH = YES;
				COPY_PHASE_STRIP = YES;
				ENABLE_NS_ASSERTIONS = NO;
				GCC_C_LANGUAGE_STANDARD = gnu99;
				GCC_WARN_64_TO_32_BIT_CONVERSION = YES;
				GCC_WARN_ABOUT_RETURN_TYPE = YES_ERROR;
				GCC_WARN_UNDECLARED_SELECTOR = YES;
				GCC_WARN_UNINITIALIZED_AUTOS = YES_AGGRESSIVE;
				GCC_WARN_UNUSED_FUNCTION = YES;
				GCC_WARN_UNUSED_VARIABLE = YES;
				IPHONEOS_DEPLOYMENT_TARGET = 7.1;
				SDKROOT = iphoneos;
				VALIDATE_PRODUCT = YES;
			};
			name = Release;
		};
		0220D405196A96E300FC5AF3 /* Debug */ = {
			isa = XCBuildConfiguration;
			buildSettings = {
				DSTROOT = /tmp/PaylerSDK.dst;
				GCC_PRECOMPILE_PREFIX_HEADER = YES;
				GCC_PREFIX_HEADER = "PaylerSDK/PaylerSDK-Prefix.pch";
				IPHONEOS_DEPLOYMENT_TARGET = 6.0;
				OTHER_LDFLAGS = "-ObjC";
				PRODUCT_NAME = "$(TARGET_NAME)";
				SKIP_INSTALL = YES;
			};
			name = Debug;
		};
		0220D406196A96E300FC5AF3 /* Release */ = {
			isa = XCBuildConfiguration;
			buildSettings = {
				DSTROOT = /tmp/PaylerSDK.dst;
				GCC_PRECOMPILE_PREFIX_HEADER = YES;
				GCC_PREFIX_HEADER = "PaylerSDK/PaylerSDK-Prefix.pch";
				IPHONEOS_DEPLOYMENT_TARGET = 6.0;
				OTHER_LDFLAGS = "-ObjC";
				PRODUCT_NAME = "$(TARGET_NAME)";
				SKIP_INSTALL = YES;
			};
			name = Release;
		};
		0220D408196A96E300FC5AF3 /* Debug */ = {
			isa = XCBuildConfiguration;
			buildSettings = {
				BUNDLE_LOADER = "$(BUILT_PRODUCTS_DIR)/Example.app/Example";
				FRAMEWORK_SEARCH_PATHS = (
					"$(SDKROOT)/Developer/Library/Frameworks",
					"$(inherited)",
					"$(DEVELOPER_FRAMEWORKS_DIR)",
				);
				GCC_PRECOMPILE_PREFIX_HEADER = YES;
				GCC_PREFIX_HEADER = "PaylerSDK/PaylerSDK-Prefix.pch";
				GCC_PREPROCESSOR_DEFINITIONS = (
					"DEBUG=1",
					"$(inherited)",
				);
				INFOPLIST_FILE = "PaylerSDKTests/PaylerSDKTests-Info.plist";
				PRODUCT_NAME = "$(TARGET_NAME)";
				TEST_HOST = "$(BUNDLE_LOADER)";
				WRAPPER_EXTENSION = xctest;
			};
			name = Debug;
		};
		0220D409196A96E300FC5AF3 /* Release */ = {
			isa = XCBuildConfiguration;
			buildSettings = {
				BUNDLE_LOADER = "$(BUILT_PRODUCTS_DIR)/Example.app/Example";
				FRAMEWORK_SEARCH_PATHS = (
					"$(SDKROOT)/Developer/Library/Frameworks",
					"$(inherited)",
					"$(DEVELOPER_FRAMEWORKS_DIR)",
				);
				GCC_PRECOMPILE_PREFIX_HEADER = YES;
				GCC_PREFIX_HEADER = "PaylerSDK/PaylerSDK-Prefix.pch";
				INFOPLIST_FILE = "PaylerSDKTests/PaylerSDKTests-Info.plist";
				PRODUCT_NAME = "$(TARGET_NAME)";
				TEST_HOST = "$(BUNDLE_LOADER)";
				WRAPPER_EXTENSION = xctest;
			};
			name = Release;
		};
		0220D441196ACABB00FC5AF3 /* Debug */ = {
			isa = XCBuildConfiguration;
			buildSettings = {
				ASSETCATALOG_COMPILER_APPICON_NAME = AppIcon;
				ASSETCATALOG_COMPILER_LAUNCHIMAGE_NAME = LaunchImage;
				CODE_SIGN_IDENTITY = "iPhone Developer";
				"CODE_SIGN_IDENTITY[sdk=iphoneos*]" = "iPhone Developer";
				FRAMEWORK_SEARCH_PATHS = (
					"$(inherited)",
					"$(DEVELOPER_FRAMEWORKS_DIR)",
				);
				GCC_PRECOMPILE_PREFIX_HEADER = YES;
				GCC_PREFIX_HEADER = "Example/Example-Prefix.pch";
				GCC_PREPROCESSOR_DEFINITIONS = (
					"DEBUG=1",
					"$(inherited)",
				);
				INFOPLIST_FILE = "Example/Example-Info.plist";
				IPHONEOS_DEPLOYMENT_TARGET = 6.0;
				PRODUCT_NAME = "$(TARGET_NAME)";
				WRAPPER_EXTENSION = app;
			};
			name = Debug;
		};
		0220D442196ACABB00FC5AF3 /* Release */ = {
			isa = XCBuildConfiguration;
			buildSettings = {
				ASSETCATALOG_COMPILER_APPICON_NAME = AppIcon;
				ASSETCATALOG_COMPILER_LAUNCHIMAGE_NAME = LaunchImage;
				CODE_SIGN_IDENTITY = "iPhone Developer";
				"CODE_SIGN_IDENTITY[sdk=iphoneos*]" = "iPhone Developer";
				FRAMEWORK_SEARCH_PATHS = (
					"$(inherited)",
					"$(DEVELOPER_FRAMEWORKS_DIR)",
				);
				GCC_PRECOMPILE_PREFIX_HEADER = YES;
				GCC_PREFIX_HEADER = "Example/Example-Prefix.pch";
				INFOPLIST_FILE = "Example/Example-Info.plist";
				IPHONEOS_DEPLOYMENT_TARGET = 6.0;
				PRODUCT_NAME = "$(TARGET_NAME)";
				WRAPPER_EXTENSION = app;
			};
			name = Release;
		};
/* End XCBuildConfiguration section */

/* Begin XCConfigurationList section */
		0220D3DC196A96E300FC5AF3 /* Build configuration list for PBXProject "PaylerSDK" */ = {
			isa = XCConfigurationList;
			buildConfigurations = (
				0220D402196A96E300FC5AF3 /* Debug */,
				0220D403196A96E300FC5AF3 /* Release */,
			);
			defaultConfigurationIsVisible = 0;
			defaultConfigurationName = Release;
		};
		0220D404196A96E300FC5AF3 /* Build configuration list for PBXNativeTarget "PaylerSDK" */ = {
			isa = XCConfigurationList;
			buildConfigurations = (
				0220D405196A96E300FC5AF3 /* Debug */,
				0220D406196A96E300FC5AF3 /* Release */,
			);
			defaultConfigurationIsVisible = 0;
		};
		0220D407196A96E300FC5AF3 /* Build configuration list for PBXNativeTarget "PaylerSDKTests" */ = {
			isa = XCConfigurationList;
			buildConfigurations = (
				0220D408196A96E300FC5AF3 /* Debug */,
				0220D409196A96E300FC5AF3 /* Release */,
			);
			defaultConfigurationIsVisible = 0;
		};
		0220D440196ACABB00FC5AF3 /* Build configuration list for PBXNativeTarget "Example" */ = {
			isa = XCConfigurationList;
			buildConfigurations = (
				0220D441196ACABB00FC5AF3 /* Debug */,
				0220D442196ACABB00FC5AF3 /* Release */,
			);
			defaultConfigurationIsVisible = 0;
		};
/* End XCConfigurationList section */
	};
	rootObject = 0220D3D9196A96E300FC5AF3 /* Project object */;
}
