// !$*UTF8*$!
{
	archiveVersion = 1;
	classes = {
	};
	objectVersion = 46;
	objects = {

/* Begin PBXBuildFile section */
		0210E0591976587A00A0D0A6 /* PLRTableViewController.m in Sources */ = {isa = PBXBuildFile; fileRef = 0210E0581976587A00A0D0A6 /* PLRTableViewController.m */; };
		021DA1B6196E7B6D00B6EC2F /* XCTest.framework in Frameworks */ = {isa = PBXBuildFile; fileRef = 0220D3F2196A96E300FC5AF3 /* XCTest.framework */; };
		021DA1B7196E7B6D00B6EC2F /* Foundation.framework in Frameworks */ = {isa = PBXBuildFile; fileRef = 0220D3E4196A96E300FC5AF3 /* Foundation.framework */; };
		021DA1B8196E7B6D00B6EC2F /* UIKit.framework in Frameworks */ = {isa = PBXBuildFile; fileRef = 0220D3F5196A96E300FC5AF3 /* UIKit.framework */; };
		021DA1BE196E7B6D00B6EC2F /* InfoPlist.strings in Resources */ = {isa = PBXBuildFile; fileRef = 021DA1BC196E7B6D00B6EC2F /* InfoPlist.strings */; };
		021DA1CE196E85AA00B6EC2F /* PLRPaymentTests.m in Sources */ = {isa = PBXBuildFile; fileRef = 021DA1CD196E85AA00B6EC2F /* PLRPaymentTests.m */; };
		021DA1D0196E860200B6EC2F /* PLRSessionInfoTests.m in Sources */ = {isa = PBXBuildFile; fileRef = 021DA1CF196E860200B6EC2F /* PLRSessionInfoTests.m */; };
		021DA1D2196EA39A00B6EC2F /* PaylerAPIClientTests.m in Sources */ = {isa = PBXBuildFile; fileRef = 021DA1D1196EA39A00B6EC2F /* PaylerAPIClientTests.m */; };
		021DA1E4196EB48C00B6EC2F /* Charge.txt in Resources */ = {isa = PBXBuildFile; fileRef = 021DA1DF196EB48C00B6EC2F /* Charge.txt */; };
		021DA1E5196EB48C00B6EC2F /* Refund.txt in Resources */ = {isa = PBXBuildFile; fileRef = 021DA1E0196EB48C00B6EC2F /* Refund.txt */; };
		021DA1E6196EB48C00B6EC2F /* Retrieve.txt in Resources */ = {isa = PBXBuildFile; fileRef = 021DA1E1196EB48C00B6EC2F /* Retrieve.txt */; };
		021DA1E7196EB48C00B6EC2F /* StartSession.txt in Resources */ = {isa = PBXBuildFile; fileRef = 021DA1E2196EB48C00B6EC2F /* StartSession.txt */; };
		021DA1E8196EB48C00B6EC2F /* Status.txt in Resources */ = {isa = PBXBuildFile; fileRef = 021DA1E3196EB48C00B6EC2F /* Status.txt */; };
		021DA1EA196EB4A400B6EC2F /* Error.txt in Resources */ = {isa = PBXBuildFile; fileRef = 021DA1E9196EB4A400B6EC2F /* Error.txt */; };
		021DA1EC196EB96B00B6EC2F /* PLRWebViewTests.m in Sources */ = {isa = PBXBuildFile; fileRef = 021DA1EB196EB96B00B6EC2F /* PLRWebViewTests.m */; };
		0220D41C196ACABA00FC5AF3 /* Foundation.framework in Frameworks */ = {isa = PBXBuildFile; fileRef = 0220D3E4196A96E300FC5AF3 /* Foundation.framework */; };
		0220D41E196ACABA00FC5AF3 /* CoreGraphics.framework in Frameworks */ = {isa = PBXBuildFile; fileRef = 0220D41D196ACABA00FC5AF3 /* CoreGraphics.framework */; };
		0220D41F196ACABA00FC5AF3 /* UIKit.framework in Frameworks */ = {isa = PBXBuildFile; fileRef = 0220D3F5196A96E300FC5AF3 /* UIKit.framework */; };
		0220D425196ACABA00FC5AF3 /* InfoPlist.strings in Resources */ = {isa = PBXBuildFile; fileRef = 0220D423196ACABA00FC5AF3 /* InfoPlist.strings */; };
		0220D427196ACABA00FC5AF3 /* main.m in Sources */ = {isa = PBXBuildFile; fileRef = 0220D426196ACABA00FC5AF3 /* main.m */; };
		0220D42B196ACABA00FC5AF3 /* PLRAppDelegate.m in Sources */ = {isa = PBXBuildFile; fileRef = 0220D42A196ACABA00FC5AF3 /* PLRAppDelegate.m */; };
		0220D42D196ACABA00FC5AF3 /* Images.xcassets in Resources */ = {isa = PBXBuildFile; fileRef = 0220D42C196ACABA00FC5AF3 /* Images.xcassets */; };
		0220D447196ACB2100FC5AF3 /* Main.storyboard in Resources */ = {isa = PBXBuildFile; fileRef = 0220D446196ACB2100FC5AF3 /* Main.storyboard */; };
		0220D44A196ACC1600FC5AF3 /* PLRViewController.m in Sources */ = {isa = PBXBuildFile; fileRef = 0220D449196ACC1600FC5AF3 /* PLRViewController.m */; };
		0220D44C196ACFA200FC5AF3 /* PLRSessionInfo.m in Sources */ = {isa = PBXBuildFile; fileRef = 0220D40B196AA8D000FC5AF3 /* PLRSessionInfo.m */; };
		0220D44D196ACFA400FC5AF3 /* PLRPayment.m in Sources */ = {isa = PBXBuildFile; fileRef = 0220D40F196AAC4D00FC5AF3 /* PLRPayment.m */; };
		0220D44E196ACFA700FC5AF3 /* PLRWebView.m in Sources */ = {isa = PBXBuildFile; fileRef = 0220D415196AC6BA00FC5AF3 /* PLRWebView.m */; };
		0240D1D2196BD442005A8070 /* PaylerAPIClient.m in Sources */ = {isa = PBXBuildFile; fileRef = 0240D1D1196BD442005A8070 /* PaylerAPIClient.m */; };
		0249DC3D1A653EF000AC547A /* RepeatPay.txt in Resources */ = {isa = PBXBuildFile; fileRef = 0249DC3C1A653EF000AC547A /* RepeatPay.txt */; };
		0249DC3F1A65440100AC547A /* GetTemplate.txt in Resources */ = {isa = PBXBuildFile; fileRef = 0249DC3E1A65440100AC547A /* GetTemplate.txt */; };
		02CCAF76196D5CF2002CFD3D /* PaylerCert.cer in Resources */ = {isa = PBXBuildFile; fileRef = 02CCAF73196D5CF2002CFD3D /* PaylerCert.cer */; };
		02CCAF77196D5CF2002CFD3D /* RootCert.cer in Resources */ = {isa = PBXBuildFile; fileRef = 02CCAF74196D5CF2002CFD3D /* RootCert.cer */; };
		02CCAF7A196D5DA0002CFD3D /* ThawteCert.cer in Resources */ = {isa = PBXBuildFile; fileRef = 02CCAF79196D5DA0002CFD3D /* ThawteCert.cer */; };
		99437952F2F54D4593DB41B2 /* libPods-PaylerSDKTests.a in Frameworks */ = {isa = PBXBuildFile; fileRef = E0A5DAF8C563492F868C6DB4 /* libPods-PaylerSDKTests.a */; };
		B1252296972647008FD2E67B /* libPods.a in Frameworks */ = {isa = PBXBuildFile; fileRef = BE962A8EFC9A43B98C44B368 /* libPods.a */; };
/* End PBXBuildFile section */

/* Begin PBXContainerItemProxy section */
		021DA1C2196E7B6D00B6EC2F /* PBXContainerItemProxy */ = {
			isa = PBXContainerItemProxy;
			containerPortal = 0220D3D9196A96E300FC5AF3 /* Project object */;
			proxyType = 1;
			remoteGlobalIDString = 0220D41A196ACABA00FC5AF3;
			remoteInfo = Example;
		};
/* End PBXContainerItemProxy section */

/* Begin PBXFileReference section */
		0210E0571976587A00A0D0A6 /* PLRTableViewController.h */ = {isa = PBXFileReference; fileEncoding = 4; lastKnownFileType = sourcecode.c.h; path = PLRTableViewController.h; sourceTree = "<group>"; };
		0210E0581976587A00A0D0A6 /* PLRTableViewController.m */ = {isa = PBXFileReference; fileEncoding = 4; lastKnownFileType = sourcecode.c.objc; path = PLRTableViewController.m; sourceTree = "<group>"; };
		021DA1B5196E7B6D00B6EC2F /* PaylerSDKTests.xctest */ = {isa = PBXFileReference; explicitFileType = wrapper.cfbundle; includeInIndex = 0; path = PaylerSDKTests.xctest; sourceTree = BUILT_PRODUCTS_DIR; };
		021DA1BB196E7B6D00B6EC2F /* PaylerSDKTests-Info.plist */ = {isa = PBXFileReference; lastKnownFileType = text.plist.xml; path = "PaylerSDKTests-Info.plist"; sourceTree = "<group>"; };
		021DA1BD196E7B6D00B6EC2F /* en */ = {isa = PBXFileReference; lastKnownFileType = text.plist.strings; name = en; path = en.lproj/InfoPlist.strings; sourceTree = "<group>"; };
		021DA1C1196E7B6D00B6EC2F /* PaylerSDKTests-Prefix.pch */ = {isa = PBXFileReference; lastKnownFileType = sourcecode.c.h; path = "PaylerSDKTests-Prefix.pch"; sourceTree = "<group>"; };
		021DA1CD196E85AA00B6EC2F /* PLRPaymentTests.m */ = {isa = PBXFileReference; fileEncoding = 4; lastKnownFileType = sourcecode.c.objc; path = PLRPaymentTests.m; sourceTree = "<group>"; };
		021DA1CF196E860200B6EC2F /* PLRSessionInfoTests.m */ = {isa = PBXFileReference; fileEncoding = 4; lastKnownFileType = sourcecode.c.objc; path = PLRSessionInfoTests.m; sourceTree = "<group>"; };
		021DA1D1196EA39A00B6EC2F /* PaylerAPIClientTests.m */ = {isa = PBXFileReference; fileEncoding = 4; lastKnownFileType = sourcecode.c.objc; path = PaylerAPIClientTests.m; sourceTree = "<group>"; };
		021DA1DF196EB48C00B6EC2F /* Charge.txt */ = {isa = PBXFileReference; fileEncoding = 4; lastKnownFileType = text; path = Charge.txt; sourceTree = "<group>"; };
		021DA1E0196EB48C00B6EC2F /* Refund.txt */ = {isa = PBXFileReference; fileEncoding = 4; lastKnownFileType = text; path = Refund.txt; sourceTree = "<group>"; };
		021DA1E1196EB48C00B6EC2F /* Retrieve.txt */ = {isa = PBXFileReference; fileEncoding = 4; lastKnownFileType = text; path = Retrieve.txt; sourceTree = "<group>"; };
		021DA1E2196EB48C00B6EC2F /* StartSession.txt */ = {isa = PBXFileReference; fileEncoding = 4; lastKnownFileType = text; path = StartSession.txt; sourceTree = "<group>"; };
		021DA1E3196EB48C00B6EC2F /* Status.txt */ = {isa = PBXFileReference; fileEncoding = 4; lastKnownFileType = text; path = Status.txt; sourceTree = "<group>"; };
		021DA1E9196EB4A400B6EC2F /* Error.txt */ = {isa = PBXFileReference; fileEncoding = 4; lastKnownFileType = text; path = Error.txt; sourceTree = "<group>"; };
		021DA1EB196EB96B00B6EC2F /* PLRWebViewTests.m */ = {isa = PBXFileReference; fileEncoding = 4; lastKnownFileType = sourcecode.c.objc; path = PLRWebViewTests.m; sourceTree = "<group>"; };
		0220D3E4196A96E300FC5AF3 /* Foundation.framework */ = {isa = PBXFileReference; lastKnownFileType = wrapper.framework; name = Foundation.framework; path = System/Library/Frameworks/Foundation.framework; sourceTree = SDKROOT; };
		0220D3F2196A96E300FC5AF3 /* XCTest.framework */ = {isa = PBXFileReference; lastKnownFileType = wrapper.framework; name = XCTest.framework; path = Library/Frameworks/XCTest.framework; sourceTree = DEVELOPER_DIR; };
		0220D3F5196A96E300FC5AF3 /* UIKit.framework */ = {isa = PBXFileReference; lastKnownFileType = wrapper.framework; name = UIKit.framework; path = Library/Frameworks/UIKit.framework; sourceTree = DEVELOPER_DIR; };
		0220D40A196AA8D000FC5AF3 /* PLRSessionInfo.h */ = {isa = PBXFileReference; fileEncoding = 4; lastKnownFileType = sourcecode.c.h; path = PLRSessionInfo.h; sourceTree = "<group>"; };
		0220D40B196AA8D000FC5AF3 /* PLRSessionInfo.m */ = {isa = PBXFileReference; fileEncoding = 4; lastKnownFileType = sourcecode.c.objc; path = PLRSessionInfo.m; sourceTree = "<group>"; };
		0220D40E196AAC4D00FC5AF3 /* PLRPayment.h */ = {isa = PBXFileReference; fileEncoding = 4; lastKnownFileType = sourcecode.c.h; path = PLRPayment.h; sourceTree = "<group>"; };
		0220D40F196AAC4D00FC5AF3 /* PLRPayment.m */ = {isa = PBXFileReference; fileEncoding = 4; lastKnownFileType = sourcecode.c.objc; path = PLRPayment.m; sourceTree = "<group>"; };
		0220D414196AC6BA00FC5AF3 /* PLRWebView.h */ = {isa = PBXFileReference; fileEncoding = 4; lastKnownFileType = sourcecode.c.h; path = PLRWebView.h; sourceTree = "<group>"; };
		0220D415196AC6BA00FC5AF3 /* PLRWebView.m */ = {isa = PBXFileReference; fileEncoding = 4; lastKnownFileType = sourcecode.c.objc; path = PLRWebView.m; sourceTree = "<group>"; };
		0220D41B196ACABA00FC5AF3 /* Example.app */ = {isa = PBXFileReference; explicitFileType = wrapper.application; includeInIndex = 0; path = Example.app; sourceTree = BUILT_PRODUCTS_DIR; };
		0220D41D196ACABA00FC5AF3 /* CoreGraphics.framework */ = {isa = PBXFileReference; lastKnownFileType = wrapper.framework; name = CoreGraphics.framework; path = System/Library/Frameworks/CoreGraphics.framework; sourceTree = SDKROOT; };
		0220D422196ACABA00FC5AF3 /* Example-Info.plist */ = {isa = PBXFileReference; lastKnownFileType = text.plist.xml; path = "Example-Info.plist"; sourceTree = "<group>"; };
		0220D424196ACABA00FC5AF3 /* en */ = {isa = PBXFileReference; lastKnownFileType = text.plist.strings; name = en; path = en.lproj/InfoPlist.strings; sourceTree = "<group>"; };
		0220D426196ACABA00FC5AF3 /* main.m */ = {isa = PBXFileReference; lastKnownFileType = sourcecode.c.objc; path = main.m; sourceTree = "<group>"; };
		0220D428196ACABA00FC5AF3 /* Example-Prefix.pch */ = {isa = PBXFileReference; lastKnownFileType = sourcecode.c.h; path = "Example-Prefix.pch"; sourceTree = "<group>"; };
		0220D429196ACABA00FC5AF3 /* PLRAppDelegate.h */ = {isa = PBXFileReference; lastKnownFileType = sourcecode.c.h; path = PLRAppDelegate.h; sourceTree = "<group>"; };
		0220D42A196ACABA00FC5AF3 /* PLRAppDelegate.m */ = {isa = PBXFileReference; lastKnownFileType = sourcecode.c.objc; path = PLRAppDelegate.m; sourceTree = "<group>"; };
		0220D42C196ACABA00FC5AF3 /* Images.xcassets */ = {isa = PBXFileReference; lastKnownFileType = folder.assetcatalog; path = Images.xcassets; sourceTree = "<group>"; };
		0220D446196ACB2100FC5AF3 /* Main.storyboard */ = {isa = PBXFileReference; fileEncoding = 4; lastKnownFileType = file.storyboard; path = Main.storyboard; sourceTree = "<group>"; };
		0220D448196ACC1600FC5AF3 /* PLRViewController.h */ = {isa = PBXFileReference; fileEncoding = 4; lastKnownFileType = sourcecode.c.h; path = PLRViewController.h; sourceTree = "<group>"; };
		0220D449196ACC1600FC5AF3 /* PLRViewController.m */ = {isa = PBXFileReference; fileEncoding = 4; lastKnownFileType = sourcecode.c.objc; path = PLRViewController.m; sourceTree = "<group>"; };
		0240D1D0196BD442005A8070 /* PaylerAPIClient.h */ = {isa = PBXFileReference; fileEncoding = 4; lastKnownFileType = sourcecode.c.h; path = PaylerAPIClient.h; sourceTree = "<group>"; };
		0240D1D1196BD442005A8070 /* PaylerAPIClient.m */ = {isa = PBXFileReference; fileEncoding = 4; lastKnownFileType = sourcecode.c.objc; path = PaylerAPIClient.m; sourceTree = "<group>"; };
		0249DC3C1A653EF000AC547A /* RepeatPay.txt */ = {isa = PBXFileReference; fileEncoding = 4; lastKnownFileType = text; path = RepeatPay.txt; sourceTree = "<group>"; };
		0249DC3E1A65440100AC547A /* GetTemplate.txt */ = {isa = PBXFileReference; fileEncoding = 4; lastKnownFileType = text; path = GetTemplate.txt; sourceTree = "<group>"; };
		02CCAF73196D5CF2002CFD3D /* PaylerCert.cer */ = {isa = PBXFileReference; lastKnownFileType = file; path = PaylerCert.cer; sourceTree = "<group>"; };
		02CCAF74196D5CF2002CFD3D /* RootCert.cer */ = {isa = PBXFileReference; lastKnownFileType = file; path = RootCert.cer; sourceTree = "<group>"; };
		02CCAF79196D5DA0002CFD3D /* ThawteCert.cer */ = {isa = PBXFileReference; lastKnownFileType = file; path = ThawteCert.cer; sourceTree = "<group>"; };
		87CACA086616486AB318DB73 /* Pods.xcconfig */ = {isa = PBXFileReference; includeInIndex = 1; lastKnownFileType = text.xcconfig; name = Pods.xcconfig; path = Pods/Pods.xcconfig; sourceTree = "<group>"; };
		A914EBD8B62E49CA83ED292E /* Pods-PaylerSDKTests.xcconfig */ = {isa = PBXFileReference; includeInIndex = 1; lastKnownFileType = text.xcconfig; name = "Pods-PaylerSDKTests.xcconfig"; path = "Pods/Pods-PaylerSDKTests.xcconfig"; sourceTree = "<group>"; };
		BE962A8EFC9A43B98C44B368 /* libPods.a */ = {isa = PBXFileReference; explicitFileType = archive.ar; includeInIndex = 0; path = libPods.a; sourceTree = BUILT_PRODUCTS_DIR; };
		E0A5DAF8C563492F868C6DB4 /* libPods-PaylerSDKTests.a */ = {isa = PBXFileReference; explicitFileType = archive.ar; includeInIndex = 0; path = "libPods-PaylerSDKTests.a"; sourceTree = BUILT_PRODUCTS_DIR; };
/* End PBXFileReference section */

/* Begin PBXFrameworksBuildPhase section */
		021DA1B2196E7B6D00B6EC2F /* Frameworks */ = {
			isa = PBXFrameworksBuildPhase;
			buildActionMask = 2147483647;
			files = (
				021DA1B6196E7B6D00B6EC2F /* XCTest.framework in Frameworks */,
				021DA1B8196E7B6D00B6EC2F /* UIKit.framework in Frameworks */,
				021DA1B7196E7B6D00B6EC2F /* Foundation.framework in Frameworks */,
				99437952F2F54D4593DB41B2 /* libPods-PaylerSDKTests.a in Frameworks */,
			);
			runOnlyForDeploymentPostprocessing = 0;
		};
		0220D418196ACABA00FC5AF3 /* Frameworks */ = {
			isa = PBXFrameworksBuildPhase;
			buildActionMask = 2147483647;
			files = (
				0220D41E196ACABA00FC5AF3 /* CoreGraphics.framework in Frameworks */,
				0220D41F196ACABA00FC5AF3 /* UIKit.framework in Frameworks */,
				0220D41C196ACABA00FC5AF3 /* Foundation.framework in Frameworks */,
				B1252296972647008FD2E67B /* libPods.a in Frameworks */,
			);
			runOnlyForDeploymentPostprocessing = 0;
		};
/* End PBXFrameworksBuildPhase section */

/* Begin PBXGroup section */
		021DA1B9196E7B6D00B6EC2F /* PaylerSDKTests */ = {
			isa = PBXGroup;
			children = (
				021DA1CF196E860200B6EC2F /* PLRSessionInfoTests.m */,
				021DA1CD196E85AA00B6EC2F /* PLRPaymentTests.m */,
				021DA1EB196EB96B00B6EC2F /* PLRWebViewTests.m */,
				021DA1D1196EA39A00B6EC2F /* PaylerAPIClientTests.m */,
				021DA1DE196EB48C00B6EC2F /* Fixtures */,
				021DA1BA196E7B6D00B6EC2F /* Supporting Files */,
			);
			path = PaylerSDKTests;
			sourceTree = "<group>";
		};
		021DA1BA196E7B6D00B6EC2F /* Supporting Files */ = {
			isa = PBXGroup;
			children = (
				021DA1BB196E7B6D00B6EC2F /* PaylerSDKTests-Info.plist */,
				021DA1BC196E7B6D00B6EC2F /* InfoPlist.strings */,
				021DA1C1196E7B6D00B6EC2F /* PaylerSDKTests-Prefix.pch */,
			);
			name = "Supporting Files";
			sourceTree = "<group>";
		};
		021DA1DE196EB48C00B6EC2F /* Fixtures */ = {
			isa = PBXGroup;
			children = (
				0249DC3E1A65440100AC547A /* GetTemplate.txt */,
				0249DC3C1A653EF000AC547A /* RepeatPay.txt */,
				021DA1DF196EB48C00B6EC2F /* Charge.txt */,
				021DA1E0196EB48C00B6EC2F /* Refund.txt */,
				021DA1E1196EB48C00B6EC2F /* Retrieve.txt */,
				021DA1E2196EB48C00B6EC2F /* StartSession.txt */,
				021DA1E3196EB48C00B6EC2F /* Status.txt */,
				021DA1E9196EB4A400B6EC2F /* Error.txt */,
			);
			path = Fixtures;
			sourceTree = "<group>";
		};
		0220D3D8196A96E300FC5AF3 = {
			isa = PBXGroup;
			children = (
				0220D3E6196A96E300FC5AF3 /* PaylerSDK */,
				021DA1B9196E7B6D00B6EC2F /* PaylerSDKTests */,
				0220D420196ACABA00FC5AF3 /* Example */,
				0220D3E3196A96E300FC5AF3 /* Frameworks */,
				0220D3E2196A96E300FC5AF3 /* Products */,
				87CACA086616486AB318DB73 /* Pods.xcconfig */,
				A914EBD8B62E49CA83ED292E /* Pods-PaylerSDKTests.xcconfig */,
			);
			sourceTree = "<group>";
		};
		0220D3E2196A96E300FC5AF3 /* Products */ = {
			isa = PBXGroup;
			children = (
				0220D41B196ACABA00FC5AF3 /* Example.app */,
				021DA1B5196E7B6D00B6EC2F /* PaylerSDKTests.xctest */,
			);
			name = Products;
			sourceTree = "<group>";
		};
		0220D3E3196A96E300FC5AF3 /* Frameworks */ = {
			isa = PBXGroup;
			children = (
				0220D3E4196A96E300FC5AF3 /* Foundation.framework */,
				0220D3F2196A96E300FC5AF3 /* XCTest.framework */,
				0220D3F5196A96E300FC5AF3 /* UIKit.framework */,
				0220D41D196ACABA00FC5AF3 /* CoreGraphics.framework */,
				BE962A8EFC9A43B98C44B368 /* libPods.a */,
				E0A5DAF8C563492F868C6DB4 /* libPods-PaylerSDKTests.a */,
			);
			name = Frameworks;
			sourceTree = "<group>";
		};
		0220D3E6196A96E300FC5AF3 /* PaylerSDK */ = {
			isa = PBXGroup;
			children = (
				02CCAF79196D5DA0002CFD3D /* ThawteCert.cer */,
				02CCAF73196D5CF2002CFD3D /* PaylerCert.cer */,
				02CCAF74196D5CF2002CFD3D /* RootCert.cer */,
				0220D40A196AA8D000FC5AF3 /* PLRSessionInfo.h */,
				0220D40B196AA8D000FC5AF3 /* PLRSessionInfo.m */,
				0220D40E196AAC4D00FC5AF3 /* PLRPayment.h */,
				0220D40F196AAC4D00FC5AF3 /* PLRPayment.m */,
				0220D414196AC6BA00FC5AF3 /* PLRWebView.h */,
				0220D415196AC6BA00FC5AF3 /* PLRWebView.m */,
				0240D1D0196BD442005A8070 /* PaylerAPIClient.h */,
				0240D1D1196BD442005A8070 /* PaylerAPIClient.m */,
			);
			path = PaylerSDK;
			sourceTree = "<group>";
		};
		0220D420196ACABA00FC5AF3 /* Example */ = {
			isa = PBXGroup;
			children = (
				0220D429196ACABA00FC5AF3 /* PLRAppDelegate.h */,
				0220D42A196ACABA00FC5AF3 /* PLRAppDelegate.m */,
				0210E0571976587A00A0D0A6 /* PLRTableViewController.h */,
				0210E0581976587A00A0D0A6 /* PLRTableViewController.m */,
				0220D448196ACC1600FC5AF3 /* PLRViewController.h */,
				0220D449196ACC1600FC5AF3 /* PLRViewController.m */,
				0220D42C196ACABA00FC5AF3 /* Images.xcassets */,
				0220D421196ACABA00FC5AF3 /* Supporting Files */,
			);
			path = Example;
			sourceTree = "<group>";
		};
		0220D421196ACABA00FC5AF3 /* Supporting Files */ = {
			isa = PBXGroup;
			children = (
				0220D446196ACB2100FC5AF3 /* Main.storyboard */,
				0220D422196ACABA00FC5AF3 /* Example-Info.plist */,
				0220D423196ACABA00FC5AF3 /* InfoPlist.strings */,
				0220D426196ACABA00FC5AF3 /* main.m */,
				0220D428196ACABA00FC5AF3 /* Example-Prefix.pch */,
			);
			name = "Supporting Files";
			sourceTree = "<group>";
		};
/* End PBXGroup section */

/* Begin PBXNativeTarget section */
		021DA1B4196E7B6D00B6EC2F /* PaylerSDKTests */ = {
			isa = PBXNativeTarget;
			buildConfigurationList = 021DA1C6196E7B6D00B6EC2F /* Build configuration list for PBXNativeTarget "PaylerSDKTests" */;
			buildPhases = (
				A6042AA3DDDB42DB91361CED /* Check Pods Manifest.lock */,
				021DA1B1196E7B6D00B6EC2F /* Sources */,
				021DA1B2196E7B6D00B6EC2F /* Frameworks */,
				021DA1B3196E7B6D00B6EC2F /* Resources */,
				DB1861F3B77D4B3EBBC9DCAB /* Copy Pods Resources */,
			);
			buildRules = (
			);
			dependencies = (
				021DA1C3196E7B6D00B6EC2F /* PBXTargetDependency */,
			);
			name = PaylerSDKTests;
			productName = PaylerSDKTests;
			productReference = 021DA1B5196E7B6D00B6EC2F /* PaylerSDKTests.xctest */;
			productType = "com.apple.product-type.bundle.unit-test";
		};
		0220D41A196ACABA00FC5AF3 /* Example */ = {
			isa = PBXNativeTarget;
			buildConfigurationList = 0220D440196ACABB00FC5AF3 /* Build configuration list for PBXNativeTarget "Example" */;
			buildPhases = (
				E03E5DD6A67E4550848E4E66 /* Check Pods Manifest.lock */,
				0220D417196ACABA00FC5AF3 /* Sources */,
				0220D418196ACABA00FC5AF3 /* Frameworks */,
				0220D419196ACABA00FC5AF3 /* Resources */,
				A5E3EB9DAEA0422ABE2714BE /* Copy Pods Resources */,
			);
			buildRules = (
			);
			dependencies = (
			);
			name = Example;
			productName = Example;
			productReference = 0220D41B196ACABA00FC5AF3 /* Example.app */;
			productType = "com.apple.product-type.application";
		};
/* End PBXNativeTarget section */

/* Begin PBXProject section */
		0220D3D9196A96E300FC5AF3 /* Project object */ = {
			isa = PBXProject;
			attributes = {
				CLASSPREFIX = PLR;
				LastUpgradeCheck = 0510;
				ORGANIZATIONNAME = "Polonium Arts";
				TargetAttributes = {
					021DA1B4196E7B6D00B6EC2F = {
						TestTargetID = 0220D41A196ACABA00FC5AF3;
					};
					0220D41A196ACABA00FC5AF3 = {
						DevelopmentTeam = 69GYXKL3AK;
					};
				};
			};
			buildConfigurationList = 0220D3DC196A96E300FC5AF3 /* Build configuration list for PBXProject "PaylerSDK" */;
			compatibilityVersion = "Xcode 3.2";
			developmentRegion = English;
			hasScannedForEncodings = 0;
			knownRegions = (
				en,
			);
			mainGroup = 0220D3D8196A96E300FC5AF3;
			productRefGroup = 0220D3E2196A96E300FC5AF3 /* Products */;
			projectDirPath = "";
			projectRoot = "";
			targets = (
				0220D41A196ACABA00FC5AF3 /* Example */,
				021DA1B4196E7B6D00B6EC2F /* PaylerSDKTests */,
			);
		};
/* End PBXProject section */

/* Begin PBXResourcesBuildPhase section */
		021DA1B3196E7B6D00B6EC2F /* Resources */ = {
			isa = PBXResourcesBuildPhase;
			buildActionMask = 2147483647;
			files = (
				021DA1E6196EB48C00B6EC2F /* Retrieve.txt in Resources */,
				021DA1EA196EB4A400B6EC2F /* Error.txt in Resources */,
				021DA1E4196EB48C00B6EC2F /* Charge.txt in Resources */,
				0249DC3F1A65440100AC547A /* GetTemplate.txt in Resources */,
				021DA1E8196EB48C00B6EC2F /* Status.txt in Resources */,
				021DA1E7196EB48C00B6EC2F /* StartSession.txt in Resources */,
				021DA1BE196E7B6D00B6EC2F /* InfoPlist.strings in Resources */,
				0249DC3D1A653EF000AC547A /* RepeatPay.txt in Resources */,
				021DA1E5196EB48C00B6EC2F /* Refund.txt in Resources */,
			);
			runOnlyForDeploymentPostprocessing = 0;
		};
		0220D419196ACABA00FC5AF3 /* Resources */ = {
			isa = PBXResourcesBuildPhase;
			buildActionMask = 2147483647;
			files = (
				0220D447196ACB2100FC5AF3 /* Main.storyboard in Resources */,
				02CCAF7A196D5DA0002CFD3D /* ThawteCert.cer in Resources */,
				02CCAF76196D5CF2002CFD3D /* PaylerCert.cer in Resources */,
				0220D425196ACABA00FC5AF3 /* InfoPlist.strings in Resources */,
				02CCAF77196D5CF2002CFD3D /* RootCert.cer in Resources */,
				0220D42D196ACABA00FC5AF3 /* Images.xcassets in Resources */,
			);
			runOnlyForDeploymentPostprocessing = 0;
		};
/* End PBXResourcesBuildPhase section */

/* Begin PBXShellScriptBuildPhase section */
		A5E3EB9DAEA0422ABE2714BE /* Copy Pods Resources */ = {
			isa = PBXShellScriptBuildPhase;
			buildActionMask = 2147483647;
			files = (
			);
			inputPaths = (
			);
			name = "Copy Pods Resources";
			outputPaths = (
			);
			runOnlyForDeploymentPostprocessing = 0;
			shellPath = /bin/sh;
			shellScript = "\"${SRCROOT}/Pods/Pods-resources.sh\"\n";
			showEnvVarsInLog = 0;
		};
		A6042AA3DDDB42DB91361CED /* Check Pods Manifest.lock */ = {
			isa = PBXShellScriptBuildPhase;
			buildActionMask = 2147483647;
			files = (
			);
			inputPaths = (
			);
			name = "Check Pods Manifest.lock";
			outputPaths = (
			);
			runOnlyForDeploymentPostprocessing = 0;
			shellPath = /bin/sh;
			shellScript = "diff \"${PODS_ROOT}/../Podfile.lock\" \"${PODS_ROOT}/Manifest.lock\" > /dev/null\nif [[ $? != 0 ]] ; then\n    cat << EOM\nerror: The sandbox is not in sync with the Podfile.lock. Run 'pod install' or update your CocoaPods installation.\nEOM\n    exit 1\nfi\n";
			showEnvVarsInLog = 0;
		};
		DB1861F3B77D4B3EBBC9DCAB /* Copy Pods Resources */ = {
			isa = PBXShellScriptBuildPhase;
			buildActionMask = 2147483647;
			files = (
			);
			inputPaths = (
			);
			name = "Copy Pods Resources";
			outputPaths = (
			);
			runOnlyForDeploymentPostprocessing = 0;
			shellPath = /bin/sh;
			shellScript = "\"${SRCROOT}/Pods/Pods-PaylerSDKTests-resources.sh\"\n";
			showEnvVarsInLog = 0;
		};
		E03E5DD6A67E4550848E4E66 /* Check Pods Manifest.lock */ = {
			isa = PBXShellScriptBuildPhase;
			buildActionMask = 2147483647;
			files = (
			);
			inputPaths = (
			);
			name = "Check Pods Manifest.lock";
			outputPaths = (
			);
			runOnlyForDeploymentPostprocessing = 0;
			shellPath = /bin/sh;
			shellScript = "diff \"${PODS_ROOT}/../Podfile.lock\" \"${PODS_ROOT}/Manifest.lock\" > /dev/null\nif [[ $? != 0 ]] ; then\n    cat << EOM\nerror: The sandbox is not in sync with the Podfile.lock. Run 'pod install' or update your CocoaPods installation.\nEOM\n    exit 1\nfi\n";
			showEnvVarsInLog = 0;
		};
/* End PBXShellScriptBuildPhase section */

/* Begin PBXSourcesBuildPhase section */
		021DA1B1196E7B6D00B6EC2F /* Sources */ = {
			isa = PBXSourcesBuildPhase;
			buildActionMask = 2147483647;
			files = (
				021DA1CE196E85AA00B6EC2F /* PLRPaymentTests.m in Sources */,
				021DA1D0196E860200B6EC2F /* PLRSessionInfoTests.m in Sources */,
				021DA1EC196EB96B00B6EC2F /* PLRWebViewTests.m in Sources */,
				021DA1D2196EA39A00B6EC2F /* PaylerAPIClientTests.m in Sources */,
			);
			runOnlyForDeploymentPostprocessing = 0;
		};
		0220D417196ACABA00FC5AF3 /* Sources */ = {
			isa = PBXSourcesBuildPhase;
			buildActionMask = 2147483647;
			files = (
				0210E0591976587A00A0D0A6 /* PLRTableViewController.m in Sources */,
				0220D427196ACABA00FC5AF3 /* main.m in Sources */,
				0220D44C196ACFA200FC5AF3 /* PLRSessionInfo.m in Sources */,
				0220D44E196ACFA700FC5AF3 /* PLRWebView.m in Sources */,
				0220D42B196ACABA00FC5AF3 /* PLRAppDelegate.m in Sources */,
				0220D44A196ACC1600FC5AF3 /* PLRViewController.m in Sources */,
				0240D1D2196BD442005A8070 /* PaylerAPIClient.m in Sources */,
				0220D44D196ACFA400FC5AF3 /* PLRPayment.m in Sources */,
			);
			runOnlyForDeploymentPostprocessing = 0;
		};
/* End PBXSourcesBuildPhase section */

/* Begin PBXTargetDependency section */
		021DA1C3196E7B6D00B6EC2F /* PBXTargetDependency */ = {
			isa = PBXTargetDependency;
			target = 0220D41A196ACABA00FC5AF3 /* Example */;
			targetProxy = 021DA1C2196E7B6D00B6EC2F /* PBXContainerItemProxy */;
		};
/* End PBXTargetDependency section */

/* Begin PBXVariantGroup section */
		021DA1BC196E7B6D00B6EC2F /* InfoPlist.strings */ = {
			isa = PBXVariantGroup;
			children = (
				021DA1BD196E7B6D00B6EC2F /* en */,
			);
			name = InfoPlist.strings;
			sourceTree = "<group>";
		};
		0220D423196ACABA00FC5AF3 /* InfoPlist.strings */ = {
			isa = PBXVariantGroup;
			children = (
				0220D424196ACABA00FC5AF3 /* en */,
			);
			name = InfoPlist.strings;
			sourceTree = "<group>";
		};
/* End PBXVariantGroup section */

/* Begin XCBuildConfiguration section */
		021DA1C4196E7B6D00B6EC2F /* Debug */ = {
			isa = XCBuildConfiguration;
			baseConfigurationReference = A914EBD8B62E49CA83ED292E /* Pods-PaylerSDKTests.xcconfig */;
			buildSettings = {
				BUNDLE_LOADER = "$(BUILT_PRODUCTS_DIR)/Example.app/Example";
				FRAMEWORK_SEARCH_PATHS = (
					"$(SDKROOT)/Developer/Library/Frameworks",
					"$(inherited)",
					"$(DEVELOPER_FRAMEWORKS_DIR)",
				);
				GCC_PRECOMPILE_PREFIX_HEADER = YES;
				GCC_PREFIX_HEADER = "PaylerSDKTests/PaylerSDKTests-Prefix.pch";
				GCC_PREPROCESSOR_DEFINITIONS = (
					"DEBUG=1",
					"$(inherited)",
				);
				INFOPLIST_FILE = "PaylerSDKTests/PaylerSDKTests-Info.plist";
				PRODUCT_NAME = "$(TARGET_NAME)";
				TEST_HOST = "$(BUNDLE_LOADER)";
				WRAPPER_EXTENSION = xctest;
			};
			name = Debug;
		};
		021DA1C5196E7B6D00B6EC2F /* Release */ = {
			isa = XCBuildConfiguration;
			baseConfigurationReference = A914EBD8B62E49CA83ED292E /* Pods-PaylerSDKTests.xcconfig */;
			buildSettings = {
				BUNDLE_LOADER = "$(BUILT_PRODUCTS_DIR)/Example.app/Example";
				FRAMEWORK_SEARCH_PATHS = (
					"$(SDKROOT)/Developer/Library/Frameworks",
					"$(inherited)",
					"$(DEVELOPER_FRAMEWORKS_DIR)",
				);
				GCC_PRECOMPILE_PREFIX_HEADER = YES;
				GCC_PREFIX_HEADER = "PaylerSDKTests/PaylerSDKTests-Prefix.pch";
				INFOPLIST_FILE = "PaylerSDKTests/PaylerSDKTests-Info.plist";
				PRODUCT_NAME = "$(TARGET_NAME)";
				TEST_HOST = "$(BUNDLE_LOADER)";
				WRAPPER_EXTENSION = xctest;
			};
			name = Release;
		};
		0220D402196A96E300FC5AF3 /* Debug */ = {
			isa = XCBuildConfiguration;
			buildSettings = {
				ALWAYS_SEARCH_USER_PATHS = NO;
				CLANG_CXX_LANGUAGE_STANDARD = "gnu++0x";
				CLANG_CXX_LIBRARY = "libc++";
				CLANG_ENABLE_MODULES = YES;
				CLANG_ENABLE_OBJC_ARC = YES;
				CLANG_WARN_BOOL_CONVERSION = YES;
				CLANG_WARN_CONSTANT_CONVERSION = YES;
				CLANG_WARN_DIRECT_OBJC_ISA_USAGE = YES_ERROR;
				CLANG_WARN_EMPTY_BODY = YES;
				CLANG_WARN_ENUM_CONVERSION = YES;
				CLANG_WARN_INT_CONVERSION = YES;
				CLANG_WARN_OBJC_ROOT_CLASS = YES_ERROR;
				CLANG_WARN__DUPLICATE_METHOD_MATCH = YES;
				COPY_PHASE_STRIP = NO;
				GCC_C_LANGUAGE_STANDARD = gnu99;
				GCC_DYNAMIC_NO_PIC = NO;
				GCC_OPTIMIZATION_LEVEL = 0;
				GCC_PREPROCESSOR_DEFINITIONS = (
					"DEBUG=1",
					"$(inherited)",
				);
				GCC_SYMBOLS_PRIVATE_EXTERN = NO;
				GCC_WARN_64_TO_32_BIT_CONVERSION = YES;
				GCC_WARN_ABOUT_RETURN_TYPE = YES_ERROR;
				GCC_WARN_UNDECLARED_SELECTOR = YES;
				GCC_WARN_UNINITIALIZED_AUTOS = YES_AGGRESSIVE;
				GCC_WARN_UNUSED_FUNCTION = YES;
				GCC_WARN_UNUSED_VARIABLE = YES;
				IPHONEOS_DEPLOYMENT_TARGET = 7.1;
				ONLY_ACTIVE_ARCH = YES;
				SDKROOT = iphoneos;
			};
			name = Debug;
		};
		0220D403196A96E300FC5AF3 /* Release */ = {
			isa = XCBuildConfiguration;
			buildSettings = {
				ALWAYS_SEARCH_USER_PATHS = NO;
				CLANG_CXX_LANGUAGE_STANDARD = "gnu++0x";
				CLANG_CXX_LIBRARY = "libc++";
				CLANG_ENABLE_MODULES = YES;
				CLANG_ENABLE_OBJC_ARC = YES;
				CLANG_WARN_BOOL_CONVERSION = YES;
				CLANG_WARN_CONSTANT_CONVERSION = YES;
				CLANG_WARN_DIRECT_OBJC_ISA_USAGE = YES_ERROR;
				CLANG_WARN_EMPTY_BODY = YES;
				CLANG_WARN_ENUM_CONVERSION = YES;
				CLANG_WARN_INT_CONVERSION = YES;
				CLANG_WARN_OBJC_ROOT_CLASS = YES_ERROR;
				CLANG_WARN__DUPLICATE_METHOD_MATCH = YES;
				COPY_PHASE_STRIP = YES;
				ENABLE_NS_ASSERTIONS = NO;
				GCC_C_LANGUAGE_STANDARD = gnu99;
				GCC_WARN_64_TO_32_BIT_CONVERSION = YES;
				GCC_WARN_ABOUT_RETURN_TYPE = YES_ERROR;
				GCC_WARN_UNDECLARED_SELECTOR = YES;
				GCC_WARN_UNINITIALIZED_AUTOS = YES_AGGRESSIVE;
				GCC_WARN_UNUSED_FUNCTION = YES;
				GCC_WARN_UNUSED_VARIABLE = YES;
				IPHONEOS_DEPLOYMENT_TARGET = 7.1;
				SDKROOT = iphoneos;
				VALIDATE_PRODUCT = YES;
			};
			name = Release;
		};
		0220D441196ACABB00FC5AF3 /* Debug */ = {
			isa = XCBuildConfiguration;
			baseConfigurationReference = 87CACA086616486AB318DB73 /* Pods.xcconfig */;
			buildSettings = {
				ASSETCATALOG_COMPILER_APPICON_NAME = AppIcon;
				ASSETCATALOG_COMPILER_LAUNCHIMAGE_NAME = LaunchImage;
				CODE_SIGN_IDENTITY = "iPhone Developer";
				"CODE_SIGN_IDENTITY[sdk=iphoneos*]" = "iPhone Developer";
				FRAMEWORK_SEARCH_PATHS = (
					"$(inherited)",
					"$(DEVELOPER_FRAMEWORKS_DIR)",
				);
				GCC_PRECOMPILE_PREFIX_HEADER = YES;
				GCC_PREFIX_HEADER = "Example/Example-Prefix.pch";
				GCC_PREPROCESSOR_DEFINITIONS = (
					"DEBUG=1",
					"$(inherited)",
				);
				INFOPLIST_FILE = "Example/Example-Info.plist";
				IPHONEOS_DEPLOYMENT_TARGET = 6.0;
				PRODUCT_NAME = "$(TARGET_NAME)";
				WRAPPER_EXTENSION = app;
			};
			name = Debug;
		};
		0220D442196ACABB00FC5AF3 /* Release */ = {
			isa = XCBuildConfiguration;
			baseConfigurationReference = 87CACA086616486AB318DB73 /* Pods.xcconfig */;
			buildSettings = {
				ASSETCATALOG_COMPILER_APPICON_NAME = AppIcon;
				ASSETCATALOG_COMPILER_LAUNCHIMAGE_NAME = LaunchImage;
				CODE_SIGN_IDENTITY = "iPhone Developer";
				"CODE_SIGN_IDENTITY[sdk=iphoneos*]" = "iPhone Developer";
				FRAMEWORK_SEARCH_PATHS = (
					"$(inherited)",
					"$(DEVELOPER_FRAMEWORKS_DIR)",
				);
				GCC_PRECOMPILE_PREFIX_HEADER = YES;
				GCC_PREFIX_HEADER = "Example/Example-Prefix.pch";
				INFOPLIST_FILE = "Example/Example-Info.plist";
				IPHONEOS_DEPLOYMENT_TARGET = 6.0;
				PRODUCT_NAME = "$(TARGET_NAME)";
				WRAPPER_EXTENSION = app;
			};
			name = Release;
		};
/* End XCBuildConfiguration section */

/* Begin XCConfigurationList section */
		021DA1C6196E7B6D00B6EC2F /* Build configuration list for PBXNativeTarget "PaylerSDKTests" */ = {
			isa = XCConfigurationList;
			buildConfigurations = (
				021DA1C4196E7B6D00B6EC2F /* Debug */,
				021DA1C5196E7B6D00B6EC2F /* Release */,
			);
			defaultConfigurationIsVisible = 0;
			defaultConfigurationName = Release;
		};
		0220D3DC196A96E300FC5AF3 /* Build configuration list for PBXProject "PaylerSDK" */ = {
			isa = XCConfigurationList;
			buildConfigurations = (
				0220D402196A96E300FC5AF3 /* Debug */,
				0220D403196A96E300FC5AF3 /* Release */,
			);
			defaultConfigurationIsVisible = 0;
			defaultConfigurationName = Release;
		};
		0220D440196ACABB00FC5AF3 /* Build configuration list for PBXNativeTarget "Example" */ = {
			isa = XCConfigurationList;
			buildConfigurations = (
				0220D441196ACABB00FC5AF3 /* Debug */,
				0220D442196ACABB00FC5AF3 /* Release */,
			);
			defaultConfigurationIsVisible = 0;
			defaultConfigurationName = Release;
		};
/* End XCConfigurationList section */
	};
	rootObject = 0220D3D9196A96E300FC5AF3 /* Project object */;
}
